
Microsoft Visual Studio Solution File, Format Version 12.00
# Visual Studio 2012
Project("{FAE04EC0-301F-11D3-BF4B-00C04F79EFBC}") = "generic cloud storage client", "generic cloud storage client\generic cloud storage client.csproj", "{8324A2B8-0585-4DE8-912C-325AE167FC7A}"
EndProject
Global
	GlobalSection(SolutionConfigurationPlatforms) = preSolution
		Debug|Any CPU = Debug|Any CPU
		Release|Any CPU = Release|Any CPU
	EndGlobalSection
	GlobalSection(ProjectConfigurationPlatforms) = postSolution
		{8324A2B8-0585-4DE8-912C-325AE167FC7A}.Debug|Any CPU.ActiveCfg = Debug|Any CPU
		{8324A2B8-0585-4DE8-912C-325AE167FC7A}.Debug|Any CPU.Build.0 = Debug|Any CPU
		{8324A2B8-0585-4DE8-912C-325AE167FC7A}.Release|Any CPU.ActiveCfg = Release|Any CPU
		{8324A2B8-0585-4DE8-912C-325AE167FC7A}.Release|Any CPU.Build.0 = Release|Any CPU
	EndGlobalSection
	GlobalSection(SolutionProperties) = preSolution
		HideSolutionNode = FALSE
	EndGlobalSection
EndGlobal
